{
    "_meta": {
        "hash": {
            "sha256": "d5e078fcd6548e49e883ddc2d622ce89e231f7836dddc38bf9a82877d30df3e7"
        },
        "pipfile-spec": 6,
        "requires": {
            "python_version": "3"
        },
        "sources": [
            {
                "name": "pypi",
                "url": "https://pypi.org/simple",
                "verify_ssl": true
            }
        ]
    },
    "default": {
        "hexdump": {
            "hashes": [
                "sha256:d781a43b0c16ace3f9366aade73e8ad3a7bd5137d58f0b45ab2d3f54876f20db"
            ],
            "index": "pypi",
            "version": "==3.3"
        }
    },
    "develop": {}
}
